
Microsoft Visual Studio Solution File, Format Version 12.00
# Visual Studio Version 17
VisualStudioVersion = 17.7.34009.444
MinimumVisualStudioVersion = 10.0.40219.1
Project("{8BC9CEB8-8B4A-11D0-8D11-00A0C91BC942}") = "KiRoXEngine", "KiRoXEngine\KiRoXEngine.vcxproj", "{76FB2E22-D675-4384-822A-C1497A3439A7}"
EndProject
Global
	GlobalSection(SolutionConfigurationPlatforms) = preSolution
		Debug|x64 = Debug|x64
		Debug|x86 = Debug|x86
		Release|x64 = Release|x64
		Release|x86 = Release|x86
	EndGlobalSection
	GlobalSection(ProjectConfigurationPlatforms) = postSolution
		{76FB2E22-D675-4384-822A-C1497A3439A7}.Debug|x64.ActiveCfg = Debug|x64
		{76FB2E22-D675-4384-822A-C1497A3439A7}.Debug|x64.Build.0 = Debug|x64
		{76FB2E22-D675-4384-822A-C1497A3439A7}.Debug|x86.ActiveCfg = Debug|Win32
		{76FB2E22-D675-4384-822A-C1497A3439A7}.Debug|x86.Build.0 = Debug|Win32
		{76FB2E22-D675-4384-822A-C1497A3439A7}.Release|x64.ActiveCfg = Release|x64
		{76FB2E22-D675-4384-822A-C1497A3439A7}.Release|x64.Build.0 = Release|x64
		{76FB2E22-D675-4384-822A-C1497A3439A7}.Release|x86.ActiveCfg = Release|Win32
		{76FB2E22-D675-4384-822A-C1497A3439A7}.Release|x86.Build.0 = Release|Win32
	EndGlobalSection
	GlobalSection(SolutionProperties) = preSolution
		HideSolutionNode = FALSE
	EndGlobalSection
	GlobalSection(ExtensibilityGlobals) = postSolution
		SolutionGuid = {3E4E8CA7-15B4-4877-8E8A-515D67A57002}
	EndGlobalSection
EndGlobal
