<?xml version="1.0" encoding="utf-8"?>
<Project ToolsVersion="4.0" xmlns="http://schemas.microsoft.com/developer/msbuild/2003">
  <ItemGroup>
    <Natvis Include="Dependencies\yaml\src\contrib\yaml-cpp.natvis" />
  </ItemGroup>
  <ItemGroup>
    <ClCompile Include="Dependencies\gizmos\ImGuizmo.cpp" />
    <ClCompile Include="Dependencies\imgui\imgui_stdlib.cpp" />
    <ClCompile Include="Dependencies\yaml\src\binary.cpp" />
    <ClCompile Include="Dependencies\yaml\src\contrib\graphbuilder.cpp" />
    <ClCompile Include="Dependencies\yaml\src\contrib\graphbuilderadapter.cpp" />
    <ClCompile Include="Dependencies\yaml\src\convert.cpp" />
    <ClCompile Include="Dependencies\yaml\src\depthguard.cpp" />
    <ClCompile Include="Dependencies\yaml\src\directives.cpp" />
    <ClCompile Include="Dependencies\yaml\src\emit.cpp" />
    <ClCompile Include="Dependencies\yaml\src\emitfromevents.cpp" />
    <ClCompile Include="Dependencies\yaml\src\emitter.cpp" />
    <ClCompile Include="Dependencies\yaml\src\emitterstate.cpp" />
    <ClCompile Include="Dependencies\yaml\src\emitterutils.cpp" />
    <ClCompile Include="Dependencies\yaml\src\exceptions.cpp" />
    <ClCompile Include="Dependencies\yaml\src\exp.cpp" />
    <ClCompile Include="Dependencies\yaml\src\memory.cpp" />
    <ClCompile Include="Dependencies\yaml\src\node.cpp" />
    <ClCompile Include="Dependencies\yaml\src\nodebuilder.cpp" />
    <ClCompile Include="Dependencies\yaml\src\nodeevents.cpp" />
    <ClCompile Include="Dependencies\yaml\src\node_data.cpp" />
    <ClCompile Include="Dependencies\yaml\src\null.cpp" />
    <ClCompile Include="Dependencies\yaml\src\ostream_wrapper.cpp" />
    <ClCompile Include="Dependencies\yaml\src\parse.cpp" />
    <ClCompile Include="Dependencies\yaml\src\parser.cpp" />
    <ClCompile Include="Dependencies\yaml\src\regex_yaml.cpp" />
    <ClCompile Include="Dependencies\yaml\src\scanner.cpp" />
    <ClCompile Include="Dependencies\yaml\src\scanscalar.cpp" />
    <ClCompile Include="Dependencies\yaml\src\scantag.cpp" />
    <ClCompile Include="Dependencies\yaml\src\scantoken.cpp" />
    <ClCompile Include="Dependencies\yaml\src\simplekey.cpp" />
    <ClCompile Include="Dependencies\yaml\src\singledocparser.cpp" />
    <ClCompile Include="Dependencies\yaml\src\stream.cpp" />
    <ClCompile Include="Dependencies\yaml\src\tag.cpp" />
    <ClCompile Include="src\Assets\AssetManager.cpp" />
    <ClCompile Include="src\Tools\RenderTexture.cpp" />
    <ClCompile Include="src\Editor\Gizmos.cpp" />
    <ClCompile Include="src\Tools\Input.cpp" />
    <ClCompile Include="src\Components\MeshComponent.cpp" />
    <ClCompile Include="src\Components\CameraComponent.cpp" />
    <ClCompile Include="src\Components\Component.cpp" />
    <ClCompile Include="src\Entity.cpp" />
    <ClCompile Include="src\Scene.cpp" />
    <ClCompile Include="src\Editor\Console.cpp" />
    <ClCompile Include="src\Engine.cpp" />
    <ClCompile Include="src\Assets\Asset.cpp" />
    <ClCompile Include="Dependencies\imgui\imgui.cpp" />
    <ClCompile Include="Dependencies\imgui\imgui_demo.cpp" />
    <ClCompile Include="Dependencies\imgui\imgui_draw.cpp" />
    <ClCompile Include="Dependencies\imgui\imgui_impl_glfw.cpp" />
    <ClCompile Include="Dependencies\imgui\imgui_impl_opengl3.cpp" />
    <ClCompile Include="Dependencies\imgui\imgui_tables.cpp" />
    <ClCompile Include="Dependencies\imgui\imgui_widgets.cpp" />
    <ClCompile Include="src\main.cpp" />
    <ClCompile Include="src\Tools\Stopwatch.cpp" />
    <ClCompile Include="src\Assets\Texture.cpp" />
    <ClCompile Include="src\Components\TransformComponent.cpp" />
    <ClCompile Include="src\Tools\File.cpp" />
    <ClCompile Include="Dependencies\coroutines\CoroExtensions.cpp" />
    <ClCompile Include="src\Tools\Bounds.cpp" />
    <ClCompile Include="src\Tools\StatsCounter.cpp" />
    <ClCompile Include="src\Reflection\PropertyDrawer.cpp" />
  </ItemGroup>
  <ItemGroup>
    <ClInclude Include="Dependencies\gizmos\ImGuizmo.h" />
    <ClInclude Include="Dependencies\icons\IconsFontAwesome6.h" />
    <ClInclude Include="Dependencies\imgui\imgui_stdlib.h" />
    <ClInclude Include="Dependencies\uuid\endianness.h" />
    <ClInclude Include="Dependencies\uuid\uuid_v4.h" />
    <ClInclude Include="Dependencies\yaml\include\yaml-cpp\anchor.h" />
    <ClInclude Include="Dependencies\yaml\include\yaml-cpp\binary.h" />
    <ClInclude Include="Dependencies\yaml\include\yaml-cpp\contrib\anchordict.h" />
    <ClInclude Include="Dependencies\yaml\include\yaml-cpp\contrib\graphbuilder.h" />
    <ClInclude Include="Dependencies\yaml\include\yaml-cpp\depthguard.h" />
    <ClInclude Include="Dependencies\yaml\include\yaml-cpp\dll.h" />
    <ClInclude Include="Dependencies\yaml\include\yaml-cpp\emitfromevents.h" />
    <ClInclude Include="Dependencies\yaml\include\yaml-cpp\emitter.h" />
    <ClInclude Include="Dependencies\yaml\include\yaml-cpp\emitterdef.h" />
    <ClInclude Include="Dependencies\yaml\include\yaml-cpp\emittermanip.h" />
    <ClInclude Include="Dependencies\yaml\include\yaml-cpp\emitterstyle.h" />
    <ClInclude Include="Dependencies\yaml\include\yaml-cpp\eventhandler.h" />
    <ClInclude Include="Dependencies\yaml\include\yaml-cpp\exceptions.h" />
    <ClInclude Include="Dependencies\yaml\include\yaml-cpp\mark.h" />
    <ClInclude Include="Dependencies\yaml\include\yaml-cpp\noexcept.h" />
    <ClInclude Include="Dependencies\yaml\include\yaml-cpp\null.h" />
    <ClInclude Include="Dependencies\yaml\include\yaml-cpp\ostream_wrapper.h" />
    <ClInclude Include="Dependencies\yaml\include\yaml-cpp\parser.h" />
    <ClInclude Include="Dependencies\yaml\include\yaml-cpp\stlemitter.h" />
    <ClInclude Include="Dependencies\yaml\include\yaml-cpp\traits.h" />
    <ClInclude Include="Dependencies\yaml\include\yaml-cpp\yaml.h" />
    <ClInclude Include="Dependencies\yaml\src\collectionstack.h" />
    <ClInclude Include="Dependencies\yaml\src\contrib\graphbuilderadapter.h" />
    <ClInclude Include="Dependencies\yaml\src\directives.h" />
    <ClInclude Include="Dependencies\yaml\src\emitterstate.h" />
    <ClInclude Include="Dependencies\yaml\src\emitterutils.h" />
    <ClInclude Include="Dependencies\yaml\src\exp.h" />
    <ClInclude Include="Dependencies\yaml\src\indentation.h" />
    <ClInclude Include="Dependencies\yaml\src\nodebuilder.h" />
    <ClInclude Include="Dependencies\yaml\src\nodeevents.h" />
    <ClInclude Include="Dependencies\yaml\src\ptr_vector.h" />
    <ClInclude Include="Dependencies\yaml\src\regeximpl.h" />
    <ClInclude Include="Dependencies\yaml\src\regex_yaml.h" />
    <ClInclude Include="Dependencies\yaml\src\scanner.h" />
    <ClInclude Include="Dependencies\yaml\src\scanscalar.h" />
    <ClInclude Include="Dependencies\yaml\src\scantag.h" />
    <ClInclude Include="Dependencies\yaml\src\setting.h" />
    <ClInclude Include="Dependencies\yaml\src\singledocparser.h" />
    <ClInclude Include="Dependencies\yaml\src\stream.h" />
    <ClInclude Include="Dependencies\yaml\src\streamcharsource.h" />
    <ClInclude Include="Dependencies\yaml\src\stringsource.h" />
    <ClInclude Include="Dependencies\yaml\src\tag.h" />
    <ClInclude Include="Dependencies\yaml\src\token.h" />
    <ClInclude Include="src\Assets\MeshFilter.h" />
    <ClInclude Include="src\Tools\RenderTexture.h" />
    <ClInclude Include="src\Tools\FolderWatcher.h" />
    <ClInclude Include="src\Editor\Gizmos.h" />
    <ClInclude Include="resource.h" />
    <ClInclude Include="src\Tools\Input.h" />
    <ClInclude Include="src\Components\MeshComponent.h" />
    <ClInclude Include="src\Components\CameraComponent.h" />
    <ClInclude Include="src\Components\Component.h" />
    <ClInclude Include="src\Entity.h" />
    <ClInclude Include="src\Scene.h" />
    <ClInclude Include="src\Editor\Console.h" />
    <ClInclude Include="Dependencies\image_load\stb_image.h" />
    <ClInclude Include="src\Engine.h" />
    <ClInclude Include="src\Assets\Asset.h" />
    <ClInclude Include="src\Assets\AssetManager.h" />
    <ClInclude Include="Dependencies\imgui\imconfig.h" />
    <ClInclude Include="Dependencies\imgui\imgui.h" />
    <ClInclude Include="Dependencies\imgui\imgui_impl_glfw.h" />
    <ClInclude Include="Dependencies\imgui\imgui_impl_opengl3.h" />
    <ClInclude Include="Dependencies\imgui\imgui_impl_opengl3_loader.h" />
    <ClInclude Include="Dependencies\imgui\imgui_internal.h" />
    <ClInclude Include="Dependencies\imgui\imstb_rectpack.h" />
    <ClInclude Include="Dependencies\imgui\imstb_textedit.h" />
    <ClInclude Include="Dependencies\imgui\imstb_truetype.h" />
    <ClInclude Include="src\Assets\Shader.h" />
    <ClInclude Include="src\Macros.h" />
    <ClInclude Include="src\Tools\Serialization.h" />
    <ClInclude Include="src\Tools\Stopwatch.h" />
    <ClInclude Include="src\Assets\Texture.h" />
    <ClInclude Include="src\Components\TransformComponent.h" />
    <ClInclude Include="Dependencies\assimp\port\AndroidJNI\AndroidJNIIOSystem.h" />
    <ClInclude Include="Dependencies\assimp\port\AndroidJNI\BundledAssetIOSystem.h" />
    <ClInclude Include="Dependencies\assimp\Compiler\pushpack1.h" />
    <ClInclude Include="Dependencies\assimp\Compiler\poppack1.h" />
    <ClInclude Include="Dependencies\assimp\Compiler\pstdint.h" />
    <ClInclude Include="Dependencies\assimp\ZipArchiveIOSystem.h" />
    <ClInclude Include="Dependencies\assimp\aabb.h" />
    <ClInclude Include="Dependencies\assimp\ai_assert.h" />
    <ClInclude Include="Dependencies\assimp\anim.h" />
    <ClInclude Include="Dependencies\assimp\AssertHandler.h" />
    <ClInclude Include="Dependencies\assimp\Base64.hpp" />
    <ClInclude Include="Dependencies\assimp\BaseImporter.h" />
    <ClInclude Include="Dependencies\assimp\Bitmap.h" />
    <ClInclude Include="Dependencies\assimp\BlobIOSystem.h" />
    <ClInclude Include="Dependencies\assimp\ByteSwapper.h" />
    <ClInclude Include="Dependencies\assimp\camera.h" />
    <ClInclude Include="Dependencies\assimp\cexport.h" />
    <ClInclude Include="Dependencies\assimp\cfileio.h" />
    <ClInclude Include="Dependencies\assimp\cimport.h" />
    <ClInclude Include="Dependencies\assimp\ColladaMetaData.h" />
    <ClInclude Include="Dependencies\assimp\color4.h" />
    <ClInclude Include="Dependencies\assimp\commonMetaData.h" />
    <ClInclude Include="Dependencies\assimp\config.h" />
    <ClInclude Include="Dependencies\assimp\CreateAnimMesh.h" />
    <ClInclude Include="Dependencies\assimp\DefaultIOStream.h" />
    <ClInclude Include="Dependencies\assimp\DefaultIOSystem.h" />
    <ClInclude Include="Dependencies\assimp\DefaultLogger.hpp" />
    <ClInclude Include="Dependencies\assimp\defs.h" />
    <ClInclude Include="Dependencies\assimp\Exceptional.h" />
    <ClInclude Include="Dependencies\assimp\Exporter.hpp" />
    <ClInclude Include="Dependencies\assimp\fast_atof.h" />
    <ClInclude Include="Dependencies\assimp\GenericProperty.h" />
    <ClInclude Include="Dependencies\assimp\GltfMaterial.h" />
    <ClInclude Include="Dependencies\assimp\Hash.h" />
    <ClInclude Include="Dependencies\assimp\Importer.hpp" />
    <ClInclude Include="Dependencies\assimp\importerdesc.h" />
    <ClInclude Include="Dependencies\assimp\IOStream.hpp" />
    <ClInclude Include="Dependencies\assimp\IOStreamBuffer.h" />
    <ClInclude Include="Dependencies\assimp\IOSystem.hpp" />
    <ClInclude Include="Dependencies\assimp\light.h" />
    <ClInclude Include="Dependencies\assimp\LineSplitter.h" />
    <ClInclude Include="Dependencies\assimp\LogAux.h" />
    <ClInclude Include="Dependencies\assimp\Logger.hpp" />
    <ClInclude Include="Dependencies\assimp\LogStream.hpp" />
    <ClInclude Include="Dependencies\assimp\material.h" />
    <ClInclude Include="Dependencies\assimp\MathFunctions.h" />
    <ClInclude Include="Dependencies\assimp\matrix3x3.h" />
    <ClInclude Include="Dependencies\assimp\matrix4x4.h" />
    <ClInclude Include="Dependencies\assimp\MemoryIOWrapper.h" />
    <ClInclude Include="Dependencies\assimp\mesh.h" />
    <ClInclude Include="Dependencies\assimp\metadata.h" />
    <ClInclude Include="Dependencies\assimp\NullLogger.hpp" />
    <ClInclude Include="Dependencies\assimp\ObjMaterial.h" />
    <ClInclude Include="Dependencies\assimp\ParsingUtils.h" />
    <ClInclude Include="Dependencies\assimp\pbrmaterial.h" />
    <ClInclude Include="Dependencies\assimp\postprocess.h" />
    <ClInclude Include="Dependencies\assimp\Profiler.h" />
    <ClInclude Include="Dependencies\assimp\ProgressHandler.hpp" />
    <ClInclude Include="Dependencies\assimp\qnan.h" />
    <ClInclude Include="Dependencies\assimp\quaternion.h" />
    <ClInclude Include="Dependencies\assimp\RemoveComments.h" />
    <ClInclude Include="Dependencies\assimp\scene.h" />
    <ClInclude Include="Dependencies\assimp\SceneCombiner.h" />
    <ClInclude Include="Dependencies\assimp\SGSpatialSort.h" />
    <ClInclude Include="Dependencies\assimp\SkeletonMeshBuilder.h" />
    <ClInclude Include="Dependencies\assimp\SmallVector.h" />
    <ClInclude Include="Dependencies\assimp\SmoothingGroups.h" />
    <ClInclude Include="Dependencies\assimp\SpatialSort.h" />
    <ClInclude Include="Dependencies\assimp\StandardShapes.h" />
    <ClInclude Include="Dependencies\assimp\StreamReader.h" />
    <ClInclude Include="Dependencies\assimp\StreamWriter.h" />
    <ClInclude Include="Dependencies\assimp\StringComparison.h" />
    <ClInclude Include="Dependencies\assimp\StringUtils.h" />
    <ClInclude Include="Dependencies\assimp\Subdivision.h" />
    <ClInclude Include="Dependencies\assimp\texture.h" />
    <ClInclude Include="Dependencies\assimp\TinyFormatter.h" />
    <ClInclude Include="Dependencies\assimp\types.h" />
    <ClInclude Include="Dependencies\assimp\vector2.h" />
    <ClInclude Include="Dependencies\assimp\vector3.h" />
    <ClInclude Include="Dependencies\assimp\version.h" />
    <ClInclude Include="Dependencies\assimp\Vertex.h" />
    <ClInclude Include="Dependencies\assimp\XmlParser.h" />
    <ClInclude Include="Dependencies\assimp\XMLTools.h" />
    <ClInclude Include="Dependencies\contrib\utf8cpp\source\utf8\checked.h" />
    <ClInclude Include="Dependencies\contrib\utf8cpp\source\utf8\core.h" />
    <ClInclude Include="Dependencies\contrib\utf8cpp\source\utf8\cpp11.h" />
    <ClInclude Include="Dependencies\contrib\utf8cpp\source\utf8\cpp17.h" />
    <ClInclude Include="Dependencies\contrib\utf8cpp\source\utf8\unchecked.h" />
    <ClInclude Include="Dependencies\contrib\utf8cpp\source\utf8.h" />
    <ClInclude Include="src\Tools\File.h" />
    <ClInclude Include="Dependencies\coroutines\minicoro.h" />
    <ClInclude Include="Dependencies\coroutines\CoroExtensions.h" />
    <ClInclude Include="src\Math\Mathf.h" />
    <ClInclude Include="src\Tools\Bounds.h" />
    <ClInclude Include="src\Tools\StatsCounter.h" />
    <ClInclude Include="src\Math\Plane.h" />
    <ClInclude Include="src\Math\Frustum.h" />
    <ClInclude Include="src\Math\ImGuiExtensions.h" />
    <ClInclude Include="Dependencies\rttr\include\rttr\wrapper_mapper.h" />
    <ClInclude Include="Dependencies\rttr\include\rttr\access_levels.h" />
    <ClInclude Include="Dependencies\rttr\include\rttr\argument.h" />
    <ClInclude Include="Dependencies\rttr\include\rttr\array_mapper.h" />
    <ClInclude Include="Dependencies\rttr\include\rttr\constructor.h" />
    <ClInclude Include="Dependencies\rttr\include\rttr\destructor.h" />
    <ClInclude Include="Dependencies\rttr\include\rttr\enumeration.h" />
    <ClInclude Include="Dependencies\rttr\include\rttr\instance.h" />
    <ClInclude Include="Dependencies\rttr\include\rttr\method.h" />
    <ClInclude Include="Dependencies\rttr\include\rttr\parameter_info.h" />
    <ClInclude Include="Dependencies\rttr\include\rttr\policy.h" />
    <ClInclude Include="Dependencies\rttr\include\rttr\property.h" />
    <ClInclude Include="Dependencies\rttr\include\rttr\registration.h" />
    <ClInclude Include="Dependencies\rttr\include\rttr\rttr_cast.h" />
    <ClInclude Include="Dependencies\rttr\include\rttr\rttr_enable.h" />
    <ClInclude Include="Dependencies\rttr\include\rttr\type.h" />
    <ClInclude Include="Dependencies\rttr\include\rttr\variant.h" />
    <ClInclude Include="Dependencies\rttr\include\rttr\variant_array_view.h" />
    <ClInclude Include="Dependencies\rttr\include\rttr\detail\variant_array_view\variant_array_view_creator.h" />
    <ClInclude Include="Dependencies\rttr\include\rttr\detail\variant_array_view\variant_array_view_creator_impl.h" />
    <ClInclude Include="Dependencies\rttr\include\rttr\detail\variant_array_view\variant_array_view_impl.h" />
    <ClInclude Include="Dependencies\rttr\include\rttr\detail\variant_array_view\variant_array_view_traits.h" />
    <ClInclude Include="Dependencies\rttr\include\rttr\detail\array\array_accessor.h" />
    <ClInclude Include="Dependencies\rttr\include\rttr\detail\array\array_accessor_impl.h" />
    <ClInclude Include="Dependencies\rttr\include\rttr\detail\array\array_mapper_impl.h" />
    <ClInclude Include="Dependencies\rttr\include\rttr\detail\array\array_wrapper.h" />
    <ClInclude Include="Dependencies\rttr\include\rttr\detail\array\array_wrapper_base.h" />
    <ClInclude Include="Dependencies\rttr\include\rttr\detail\base\core_prerequisites.h" />
    <ClInclude Include="Dependencies\rttr\include\rttr\detail\base\version.h" />
    <ClInclude Include="Dependencies\rttr\include\rttr\detail\constructor\constructor_invoker.h" />
    <ClInclude Include="Dependencies\rttr\include\rttr\detail\constructor\constructor_wrapper.h" />
    <ClInclude Include="Dependencies\rttr\include\rttr\detail\constructor\constructor_wrapper_base.h" />
    <ClInclude Include="Dependencies\rttr\include\rttr\detail\constructor\constructor_wrapper_defaults.h" />
    <ClInclude Include="Dependencies\rttr\include\rttr\detail\conversion\number_conversion.h" />
    <ClInclude Include="Dependencies\rttr\include\rttr\detail\conversion\std_conversion_functions.h" />
    <ClInclude Include="Dependencies\rttr\include\rttr\detail\default_arguments\default_arguments.h" />
    <ClInclude Include="Dependencies\rttr\include\rttr\detail\default_arguments\invoke_with_defaults.h" />
    <ClInclude Include="Dependencies\rttr\include\rttr\detail\destructor\destructor_wrapper.h" />
    <ClInclude Include="Dependencies\rttr\include\rttr\detail\destructor\destructor_wrapper_base.h" />
    <ClInclude Include="Dependencies\rttr\include\rttr\detail\enumeration\enum_data.h" />
    <ClInclude Include="Dependencies\rttr\include\rttr\detail\enumeration\enumeration_helper.h" />
    <ClInclude Include="Dependencies\rttr\include\rttr\detail\enumeration\enumeration_wrapper.h" />
    <ClInclude Include="Dependencies\rttr\include\rttr\detail\enumeration\enumeration_wrapper_base.h" />
    <ClInclude Include="Dependencies\rttr\include\rttr\detail\impl\argument_impl.h" />
    <ClInclude Include="Dependencies\rttr\include\rttr\detail\impl\instance_impl.h" />
    <ClInclude Include="Dependencies\rttr\include\rttr\detail\impl\rttr_cast_impl.h" />
    <ClInclude Include="Dependencies\rttr\include\rttr\detail\impl\wrapper_mapper_impl.h" />
    <ClInclude Include="Dependencies\rttr\include\rttr\detail\metadata\metadata.h" />
    <ClInclude Include="Dependencies\rttr\include\rttr\detail\metadata\metadata_handler.h" />
    <ClInclude Include="Dependencies\rttr\include\rttr\detail\method\method_accessor.h" />
    <ClInclude Include="Dependencies\rttr\include\rttr\detail\method\method_invoker.h" />
    <ClInclude Include="Dependencies\rttr\include\rttr\detail\method\method_wrapper.h" />
    <ClInclude Include="Dependencies\rttr\include\rttr\detail\method\method_wrapper_base.h" />
    <ClInclude Include="Dependencies\rttr\include\rttr\detail\misc\argument_extractor.h" />
    <ClInclude Include="Dependencies\rttr\include\rttr\detail\misc\argument_wrapper.h" />
    <ClInclude Include="Dependencies\rttr\include\rttr\detail\misc\compare_equal.h" />
    <ClInclude Include="Dependencies\rttr\include\rttr\detail\misc\compare_equal_impl.h" />
    <ClInclude Include="Dependencies\rttr\include\rttr\detail\misc\compare_less.h" />
    <ClInclude Include="Dependencies\rttr\include\rttr\detail\misc\compare_less_impl.h" />
    <ClInclude Include="Dependencies\rttr\include\rttr\detail\misc\data_address_container.h" />
    <ClInclude Include="Dependencies\rttr\include\rttr\detail\misc\function_traits.h" />
    <ClInclude Include="Dependencies\rttr\include\rttr\detail\misc\misc_type_traits.h" />
    <ClInclude Include="Dependencies\rttr\include\rttr\detail\misc\std_type_traits.h" />
    <ClInclude Include="Dependencies\rttr\include\rttr\detail\misc\utility.h" />
    <ClInclude Include="Dependencies\rttr\include\rttr\detail\parameter_info\parameter_info_wrapper.h" />
    <ClInclude Include="Dependencies\rttr\include\rttr\detail\parameter_info\parameter_info_wrapper_base.h" />
    <ClInclude Include="Dependencies\rttr\include\rttr\detail\parameter_info\parameter_infos.h" />
    <ClInclude Include="Dependencies\rttr\include\rttr\detail\parameter_info\parameter_names.h" />
    <ClInclude Include="Dependencies\rttr\include\rttr\detail\policies\ctor_policies.h" />
    <ClInclude Include="Dependencies\rttr\include\rttr\detail\policies\meth_policies.h" />
    <ClInclude Include="Dependencies\rttr\include\rttr\detail\policies\prop_policies.h" />
    <ClInclude Include="Dependencies\rttr\include\rttr\detail\property\property_accessor.h" />
    <ClInclude Include="Dependencies\rttr\include\rttr\detail\property\property_wrapper.h" />
    <ClInclude Include="Dependencies\rttr\include\rttr\detail\property\property_wrapper_base.h" />
    <ClInclude Include="Dependencies\rttr\include\rttr\detail\property\property_wrapper_func.h" />
    <ClInclude Include="Dependencies\rttr\include\rttr\detail\property\property_wrapper_member_func.h" />
    <ClInclude Include="Dependencies\rttr\include\rttr\detail\property\property_wrapper_member_object.h" />
    <ClInclude Include="Dependencies\rttr\include\rttr\detail\property\property_wrapper_object.h" />
    <ClInclude Include="Dependencies\rttr\include\rttr\detail\registration\bind_impl.h" />
    <ClInclude Include="Dependencies\rttr\include\rttr\detail\registration\bind_types.h" />
    <ClInclude Include="Dependencies\rttr\include\rttr\detail\registration\registration_executer.h" />
    <ClInclude Include="Dependencies\rttr\include\rttr\detail\registration\registration_impl.h" />
    <ClInclude Include="Dependencies\rttr\include\rttr\detail\type\accessor_type.h" />
    <ClInclude Include="Dependencies\rttr\include\rttr\detail\type\base_classes.h" />
    <ClInclude Include="Dependencies\rttr\include\rttr\detail\type\get_create_variant_func.h" />
    <ClInclude Include="Dependencies\rttr\include\rttr\detail\type\get_derived_info_func.h" />
    <ClInclude Include="Dependencies\rttr\include\rttr\detail\type\type_comparator.h" />
    <ClInclude Include="Dependencies\rttr\include\rttr\detail\type\type_converter.h" />
    <ClInclude Include="Dependencies\rttr\include\rttr\detail\type\type_impl.h" />
    <ClInclude Include="Dependencies\rttr\include\rttr\detail\type\type_register.h" />
    <ClInclude Include="Dependencies\rttr\include\rttr\detail\variant\variant_compare_less.h" />
    <ClInclude Include="Dependencies\rttr\include\rttr\detail\variant\variant_data.h" />
    <ClInclude Include="Dependencies\rttr\include\rttr\detail\variant\variant_data_converter.h" />
    <ClInclude Include="Dependencies\rttr\include\rttr\detail\variant\variant_data_policy.h" />
    <ClInclude Include="Dependencies\rttr\include\rttr\detail\variant\variant_impl.h" />
    <ClInclude Include="src\refl.gen.h" />
    <ClInclude Include="src\Reflection\PropertyDrawer.h" />
  </ItemGroup>
  <ItemGroup>
    <Library Include="Dependencies\yaml\yaml-cppd.lib" />
    <Library Include="Dependencies\assimp\assimp-vc143-mtd.lib" />
    <Library Include="Dependencies\rttr\lib\rttr_core.lib" />
    <Library Include="Dependencies\rttr\lib\rttr_core_d.lib" />
  </ItemGroup>
  <ItemGroup>
    <ResourceCompile Include="KiRoXEngine.rc" />
  </ItemGroup>
  <ItemGroup>
    <Image Include="..\..\..\..\Downloads\b08374be-102f-4958-b0f9-c6996ae27155.ico" />
    <Image Include="icon1.ico" />
  </ItemGroup>
  <ItemGroup>
    <None Include="Dependencies\yaml\src\contrib\yaml-cpp.natvis.md" />
    <None Include="Dependencies\assimp\color4.inl" />
    <None Include="Dependencies\assimp\config.h.in" />
    <None Include="Dependencies\assimp\material.inl" />
    <None Include="Dependencies\assimp\matrix3x3.inl" />
    <None Include="Dependencies\assimp\matrix4x4.inl" />
    <None Include="Dependencies\assimp\quaternion.inl" />
    <None Include="Dependencies\assimp\SmoothingGroups.inl" />
    <None Include="Dependencies\assimp\vector2.inl" />
    <None Include="Dependencies\assimp\vector3.inl" />
    <None Include="Dependencies\rttr\include\rttr\registration" />
    <None Include="Dependencies\rttr\include\rttr\type" />
    <None Include="src\ReflectionProcessor.exe" />
  </ItemGroup>
</Project>